
Microsoft Visual Studio Solution File, Format Version 12.00
# Visual Studio Version 16
VisualStudioVersion = 16.0.30104.148
MinimumVisualStudioVersion = 10.0.40219.1
Project("{FAE04EC0-301F-11D3-BF4B-00C04F79EFBC}") = "Assessment-Fundamentos", "Assessment-Fundamentos\Assessment-Fundamentos.csproj", "{80544D44-876E-489B-B9B5-4BB850551C6A}"
EndProject
Project("{FAE04EC0-301F-11D3-BF4B-00C04F79EFBC}") = "Gerenciador de Aniversario", "Gerenciador de Aniversario\Gerenciador de Aniversario.csproj", "{DD43E794-9410-4766-A36F-82E3C4AA2656}"
EndProject
Global
	GlobalSection(SolutionConfigurationPlatforms) = preSolution
		Debug|Any CPU = Debug|Any CPU
		Release|Any CPU = Release|Any CPU
	EndGlobalSection
	GlobalSection(ProjectConfigurationPlatforms) = postSolution
		{80544D44-876E-489B-B9B5-4BB850551C6A}.Debug|Any CPU.ActiveCfg = Debug|Any CPU
		{80544D44-876E-489B-B9B5-4BB850551C6A}.Debug|Any CPU.Build.0 = Debug|Any CPU
		{80544D44-876E-489B-B9B5-4BB850551C6A}.Release|Any CPU.ActiveCfg = Release|Any CPU
		{80544D44-876E-489B-B9B5-4BB850551C6A}.Release|Any CPU.Build.0 = Release|Any CPU
		{DD43E794-9410-4766-A36F-82E3C4AA2656}.Debug|Any CPU.ActiveCfg = Debug|Any CPU
		{DD43E794-9410-4766-A36F-82E3C4AA2656}.Debug|Any CPU.Build.0 = Debug|Any CPU
		{DD43E794-9410-4766-A36F-82E3C4AA2656}.Release|Any CPU.ActiveCfg = Release|Any CPU
		{DD43E794-9410-4766-A36F-82E3C4AA2656}.Release|Any CPU.Build.0 = Release|Any CPU
	EndGlobalSection
	GlobalSection(SolutionProperties) = preSolution
		HideSolutionNode = FALSE
	EndGlobalSection
	GlobalSection(ExtensibilityGlobals) = postSolution
		SolutionGuid = {528BD449-16C6-40F6-A160-8BF691455E3C}
	EndGlobalSection
EndGlobal
